
Microsoft Visual Studio Solution File, Format Version 12.00
# Visual Studio Version 17
VisualStudioVersion = 17.4.32912.340
MinimumVisualStudioVersion = 10.0.40219.1
Project("{FAE04EC0-301F-11D3-BF4B-00C04F79EFBC}") = "ef7rc-fnapp-issue", "ef7rc-fnapp-issue.csproj", "{E180C1C1-399E-4528-87AE-02BBC2D81153}"
EndProject
Global
	GlobalSection(SolutionConfigurationPlatforms) = preSolution
		Debug|Any CPU = Debug|Any CPU
		Release|Any CPU = Release|Any CPU
	EndGlobalSection
	GlobalSection(ProjectConfigurationPlatforms) = postSolution
		{E180C1C1-399E-4528-87AE-02BBC2D81153}.Debug|Any CPU.ActiveCfg = Debug|Any CPU
		{E180C1C1-399E-4528-87AE-02BBC2D81153}.Debug|Any CPU.Build.0 = Debug|Any CPU
		{E180C1C1-399E-4528-87AE-02BBC2D81153}.Release|Any CPU.ActiveCfg = Release|Any CPU
		{E180C1C1-399E-4528-87AE-02BBC2D81153}.Release|Any CPU.Build.0 = Release|Any CPU
	EndGlobalSection
	GlobalSection(SolutionProperties) = preSolution
		HideSolutionNode = FALSE
	EndGlobalSection
	GlobalSection(ExtensibilityGlobals) = postSolution
		SolutionGuid = {9028232F-CE82-4EC3-AF57-B7DAB901D475}
	EndGlobalSection
EndGlobal
